
Microsoft Visual Studio Solution File, Format Version 12.00
# Visual Studio Version 17
VisualStudioVersion = 17.14.36127.28 d17.14
MinimumVisualStudioVersion = 10.0.40219.1
Project("{FAE04EC0-301F-11D3-BF4B-00C04F79EFBC}") = "DemoWebAPI", "DemoWebAPI\DemoWebAPI.csproj", "{2A0003B7-B63B-4C35-8784-F48F1E575B15}"
EndProject
Project("{FAE04EC0-301F-11D3-BF4B-00C04F79EFBC}") = "FakeDAL", "FakeDAL\FakeDAL.csproj", "{04B488C9-E221-4A9E-AF01-8CAA4907FD29}"
EndProject
Global
	GlobalSection(SolutionConfigurationPlatforms) = preSolution
		Debug|Any CPU = Debug|Any CPU
		Release|Any CPU = Release|Any CPU
	EndGlobalSection
	GlobalSection(ProjectConfigurationPlatforms) = postSolution
		{2A0003B7-B63B-4C35-8784-F48F1E575B15}.Debug|Any CPU.ActiveCfg = Debug|Any CPU
		{2A0003B7-B63B-4C35-8784-F48F1E575B15}.Debug|Any CPU.Build.0 = Debug|Any CPU
		{2A0003B7-B63B-4C35-8784-F48F1E575B15}.Release|Any CPU.ActiveCfg = Release|Any CPU
		{2A0003B7-B63B-4C35-8784-F48F1E575B15}.Release|Any CPU.Build.0 = Release|Any CPU
		{04B488C9-E221-4A9E-AF01-8CAA4907FD29}.Debug|Any CPU.ActiveCfg = Debug|Any CPU
		{04B488C9-E221-4A9E-AF01-8CAA4907FD29}.Debug|Any CPU.Build.0 = Debug|Any CPU
		{04B488C9-E221-4A9E-AF01-8CAA4907FD29}.Release|Any CPU.ActiveCfg = Release|Any CPU
		{04B488C9-E221-4A9E-AF01-8CAA4907FD29}.Release|Any CPU.Build.0 = Release|Any CPU
	EndGlobalSection
	GlobalSection(SolutionProperties) = preSolution
		HideSolutionNode = FALSE
	EndGlobalSection
	GlobalSection(ExtensibilityGlobals) = postSolution
		SolutionGuid = {9B113A03-2646-4587-A5C0-E9E6A1E5EFED}
	EndGlobalSection
EndGlobal
